
Microsoft Visual Studio Solution File, Format Version 12.00
# Visual Studio Version 17
VisualStudioVersion = 17.3.32819.101
MinimumVisualStudioVersion = 10.0.40219.1
Project("{8BC9CEB8-8B4A-11D0-8D11-00A0C91BC942}") = "BOJ_)1012번 유기농 배추", "BOJ_)1012번 유기농 배추\BOJ_)1012번 유기농 배추.vcxproj", "{5AA9C3CE-28B6-4DE3-987B-982FFEC4A27A}"
EndProject
Global
	GlobalSection(SolutionConfigurationPlatforms) = preSolution
		Debug|x64 = Debug|x64
		Debug|x86 = Debug|x86
		Release|x64 = Release|x64
		Release|x86 = Release|x86
	EndGlobalSection
	GlobalSection(ProjectConfigurationPlatforms) = postSolution
		{5AA9C3CE-28B6-4DE3-987B-982FFEC4A27A}.Debug|x64.ActiveCfg = Debug|x64
		{5AA9C3CE-28B6-4DE3-987B-982FFEC4A27A}.Debug|x64.Build.0 = Debug|x64
		{5AA9C3CE-28B6-4DE3-987B-982FFEC4A27A}.Debug|x86.ActiveCfg = Debug|Win32
		{5AA9C3CE-28B6-4DE3-987B-982FFEC4A27A}.Debug|x86.Build.0 = Debug|Win32
		{5AA9C3CE-28B6-4DE3-987B-982FFEC4A27A}.Release|x64.ActiveCfg = Release|x64
		{5AA9C3CE-28B6-4DE3-987B-982FFEC4A27A}.Release|x64.Build.0 = Release|x64
		{5AA9C3CE-28B6-4DE3-987B-982FFEC4A27A}.Release|x86.ActiveCfg = Release|Win32
		{5AA9C3CE-28B6-4DE3-987B-982FFEC4A27A}.Release|x86.Build.0 = Release|Win32
	EndGlobalSection
	GlobalSection(SolutionProperties) = preSolution
		HideSolutionNode = FALSE
	EndGlobalSection
	GlobalSection(ExtensibilityGlobals) = postSolution
		SolutionGuid = {57107FD9-2466-4F3A-9470-38ED00CB6C60}
	EndGlobalSection
EndGlobal
